# THIS IS AN AUTOGENERATED FILE. DO NOT EDIT THIS FILE DIRECTLY.
# yarn lockfile v1


"@mapbox/shelf-pack@^3.2.0":
  version "3.2.0"
  resolved "https://registry.yarnpkg.com/@mapbox/shelf-pack/-/shelf-pack-3.2.0.tgz#df3630ecce8c042817c9a365b88078412963de64"
  integrity sha512-dyQxe6ukILV6qaEvxoKCIwhblgRjYp1ZGlClo4xvfbmxzFO5LYu7Tnrg2AZrRgN7VsSragsGcNjzUe9kCdKHYQ==
